github.com/davecgh/go-spew v1.1.0/go.mod h1:J7Y8YcW2NihsgmVo/mv3lAwl/skON4iLHjSsI+c5H38=
github.com/goml/gobrain v0.0.0-20190330120320-499982ed3a48 h1:SuwhrDOV3AnlvZthTBylsGTm0/8VrzzieI4a26uia0E=
github.com/goml/gobrain v0.0.0-20190330120320-499982ed3a48/go.mod h1:3C9khhaMIcUpCkbwcG7fVaqIjUOOnRxRUvZ+btWi+5A=
github.com/muesli/smartcrop v0.3.0 h1:JTlSkmxWg/oQ1TcLDoypuirdE8Y/jzNirQeLkxpA6Oc=
github.com/muesli/smartcrop v0.3.0/go.mod h1:i2fCI/UorTfgEpPPLWiFBv4pye+YAG78RwcQLUkocpI=
github.com/nfnt/resize v0.0.0-20180221191011-83c6a9932646 h1:zYyBkD/k9seD2A7fsi6Oo2LfFZAehjjQMERAvZLEDnQ=
github.com/nfnt/resize v0.0.0-20180221191011-83c6a9932646/go.mod h1:jpp1/29i3P1S/RLdc7JQKbRpFeM1dOBd8T9ki5s+AY8=
github.com/patrikeh/go-deep v0.0.0-20180914121726-f06237cf3137 h1:hWWSPFijWTm+8iOSfB9cEieUOdN3sRI9VSPbUBIkUSQ=
github.com/patrikeh/go-deep v0.0.0-20180914121726-f06237cf3137/go.mod h1:tcsR2N6c/R41PE1Sfep7Ddks8CY9bgqNEu4X8O7fook=
github.com/pmezard/go-difflib v1.0.0/go.mod h1:iKH77koFhYxTK1pcRnkKkqfTogsbg7gZNVY4sRDYZ/4=
github.com/ryomak/deep-learning-go v0.0.0-20190622071402-5364f0f72cf5 h1:QJ4fXrNyhvJDC4sHjYm4mFeVwS9OBGDN1ZU67Zol+oM=
github.com/ryomak/deep-learning-go v0.0.0-20190622071402-5364f0f72cf5/go.mod h1:nb6c4sqphqGdPpC3wq+1NxQxzgZ7iJDaEyH7t6r/wBU=
github.com/ryomak/deep-learning-go v0.0.0-20190622071756-ae0136f4d554 h1:vMH4vsI1ikPDH72Ac6+wzjhP5C2OqfTX4Z1TyE74Bgo=
github.com/ryomak/deep-learning-go v0.0.0-20190622071756-ae0136f4d554/go.mod h1:nb6c4sqphqGdPpC3wq+1NxQxzgZ7iJDaEyH7t6r/wBU=
github.com/ryomak/deep-learning-go v0.0.0-20190622072005-538b878e904d h1:pBqQgXw9+5LEP9sMKTEQpdISsgCC95oIxxCyJaZWDU8=
github.com/ryomak/deep-learning-go v0.0.0-20190622072005-538b878e904d/go.mod h1:nb6c4sqphqGdPpC3wq+1NxQxzgZ7iJDaEyH7t6r/wBU=
github.com/ryomak/deep-learning-go v0.0.0-20190622073028-117b77b00eed h1:Oj2bT74+P21ksgU1NTj8YXhbfTRJLJD9k2CRPUYROg0=
github.com/ryomak/deep-learning-go v0.0.0-20190622073028-117b77b00eed/go.mod h1:nb6c4sqphqGdPpC3wq+1NxQxzgZ7iJDaEyH7t6r/wBU=
github.com/ryomak/deep-learning-go v0.0.0-20190622073116-cd83075f3b01 h1:KruwF9x6sp3/PqAgSLAWofbljvvxsFplRpYItVVNclY=
github.com/ryomak/deep-learning-go v0.0.0-20190622073116-cd83075f3b01/go.mod h1:nb6c4sqphqGdPpC3wq+1NxQxzgZ7iJDaEyH7t6r/wBU=
github.com/ryomak/deep-learning-go v0.0.0-20190622073215-be052d2c14f0 h1:zsMOYWDo5AEjEMilWDFi3U659aEK3WkUpmkiQwxlddY=
github.com/ryomak/deep-learning-go v0.0.0-20190622073215-be052d2c14f0/go.mod h1:nb6c4sqphqGdPpC3wq+1NxQxzgZ7iJDaEyH7t6r/wBU=
github.com/ryomak/deep-learning-go v0.0.0-20190622073329-e32fc3ecc3e8 h1:lI67bo6mDFCx5edCh9yzRaz1TO3WakBMKVx9KLTuVIc=
github.com/ryomak/deep-learning-go v0.0.0-20190622073329-e32fc3ecc3e8/go.mod h1:nb6c4sqphqGdPpC3wq+1NxQxzgZ7iJDaEyH7t6r/wBU=
github.com/ryomak/deep-learning-go v0.0.0-20190622073622-9281584cbdc8 h1:HU7CdAGx8DQ6WMEIewPiuijdYuJwmQj5MrA2l8K1gnM=
github.com/ryomak/deep-learning-go v0.0.0-20190622073622-9281584cbdc8/go.mod h1:nb6c4sqphqGdPpC3wq+1NxQxzgZ7iJDaEyH7t6r/wBU=
github.com/ryomak/deep-learning-go v0.0.0-20190622073657-da15ebe70b76 h1:AWUJbBUFX8YrHOPrnwkAi1VWU6c9U+cNR7cWnuJR3i0=
github.com/ryomak/deep-learning-go v0.0.0-20190622073657-da15ebe70b76/go.mod h1:nb6c4sqphqGdPpC3wq+1NxQxzgZ7iJDaEyH7t6r/wBU=
github.com/ryomak/deep-learning-go v0.0.0-20190622075025-7f1aaf4aaeae h1:DDx2a4tQhFjZjmaGvbW4bLuKdrOkbuTd1pkZqFo55JY=
github.com/ryomak/deep-learning-go v0.0.0-20190622075025-7f1aaf4aaeae/go.mod h1:nb6c4sqphqGdPpC3wq+1NxQxzgZ7iJDaEyH7t6r/wBU=
github.com/ryomak/deep-learning-go v0.0.0-20190622075333-9e8cf8cb6a03 h1:RnyjrM4A5ZkLUntrBo1LCb5VuPkx05GQlTYUN9Z6hcQ=
github.com/ryomak/deep-learning-go v0.0.0-20190622075333-9e8cf8cb6a03/go.mod h1:nb6c4sqphqGdPpC3wq+1NxQxzgZ7iJDaEyH7t6r/wBU=
github.com/ryomak/deep-learning-go v0.0.0-20190622075434-9785c8159611 h1:nWz7EFyxr9xp2WtXQOnpy91E9em1LHRv4LOXxfpom5s=
github.com/ryomak/deep-learning-go v0.0.0-20190622075434-9785c8159611/go.mod h1:nb6c4sqphqGdPpC3wq+1NxQxzgZ7iJDaEyH7t6r/wBU=
github.com/ryomak/deep-learning-go v0.0.0-20190622075526-fdba14234110 h1:6AhZWkk2u80e1cER7QikUkYT3sahV+/46RApEUMznfM=
github.com/ryomak/deep-learning-go v0.0.0-20190622075526-fdba14234110/go.mod h1:nb6c4sqphqGdPpC3wq+1NxQxzgZ7iJDaEyH7t6r/wBU=
github.com/ryomak/deep-learning-go v0.0.0-20190622075615-25d0e13c0bad h1:l+dG4r0E2k2bt+WxRRebQCPcc2XJrvmR7tVOW8JG1/Q=
github.com/ryomak/deep-learning-go v0.0.0-20190622075615-25d0e13c0bad/go.mod h1:nb6c4sqphqGdPpC3wq+1NxQxzgZ7iJDaEyH7t6r/wBU=
github.com/ryomak/deep-learning-go v0.0.0-20190622075951-b0c55b315c58 h1:710cTw3r8Z6wynZRz67168oHiaAm7TaoXP4a9Bhqs6A=
github.com/ryomak/deep-learning-go v0.0.0-20190622075951-b0c55b315c58/go.mod h1:nb6c4sqphqGdPpC3wq+1NxQxzgZ7iJDaEyH7t6r/wBU=
github.com/ryomak/deep-learning-go v0.0.0-20190622080037-b430c233b14e h1:dAWuzLJmIy7NdI+s9+n2wXKNQUqGbvyL0s3sX7scxBg=
github.com/ryomak/deep-learning-go v0.0.0-20190622080037-b430c233b14e/go.mod h1:nb6c4sqphqGdPpC3wq+1NxQxzgZ7iJDaEyH7t6r/wBU=
github.com/ryomak/deep-learning-go v0.0.0-20190622081310-8771c46e8ad7 h1:DG6bV5Xw1SZV3qdgfiBSXSIURLl/njLyi7LmspWmzU0=
github.com/ryomak/deep-learning-go v0.0.0-20190622081310-8771c46e8ad7/go.mod h1:nb6c4sqphqGdPpC3wq+1NxQxzgZ7iJDaEyH7t6r/wBU=
github.com/ryomak/deep-learning-go v0.0.0-20190622081427-584219d2b202 h1:IcTQTxZIXCXKfnh0x78LOOwVVtWIigCC7U8Caeg/uCA=
github.com/ryomak/deep-learning-go v0.0.0-20190622081427-584219d2b202/go.mod h1:nb6c4sqphqGdPpC3wq+1NxQxzgZ7iJDaEyH7t6r/wBU=
github.com/ryomak/deep-learning-go v0.0.0-20190622081558-544f3bdeb3b0 h1:CEMI2vWPVzUs7ognh+4jm7g23UsmPFQ0qIFQBYbuedU=
github.com/ryomak/deep-learning-go v0.0.0-20190622081558-544f3bdeb3b0/go.mod h1:nb6c4sqphqGdPpC3wq+1NxQxzgZ7iJDaEyH7t6r/wBU=
github.com/ryomak/deep-learning-go v0.0.0-20190622081806-01a650c43fdc h1:oZTKC9o5REjfM0awXKPYCreByAttFGSPSOfke3wiHMM=
github.com/ryomak/deep-learning-go v0.0.0-20190622081806-01a650c43fdc/go.mod h1:nb6c4sqphqGdPpC3wq+1NxQxzgZ7iJDaEyH7t6r/wBU=
github.com/ryomak/deep-learning-go v0.0.0-20190622082034-e0a05f4b072f h1:+IxMYqhOecSBazszzIa/rJB2Eo8xml4UYxhsMkq81uk=
github.com/ryomak/deep-learning-go v0.0.0-20190622082034-e0a05f4b072f/go.mod h1:nb6c4sqphqGdPpC3wq+1NxQxzgZ7iJDaEyH7t6r/wBU=
github.com/ryomak/deep-learning-go v0.0.0-20190622095832-dd39d6f8f549 h1:1dgy/fLruyKSisdH3jMvLPVnrHlEUZ23d2l2Vm90eMM=
github.com/ryomak/deep-learning-go v0.0.0-20190622095832-dd39d6f8f549/go.mod h1:nb6c4sqphqGdPpC3wq+1NxQxzgZ7iJDaEyH7t6r/wBU=
github.com/ryomak/deep-learning-go v0.0.0-20190622104612-95a6ab215eda h1:w6pnmLOMRfODUJLUk3k3XfBY8WnhQwzUIcbootolhxc=
github.com/ryomak/deep-learning-go v0.0.0-20190622104612-95a6ab215eda/go.mod h1:nb6c4sqphqGdPpC3wq+1NxQxzgZ7iJDaEyH7t6r/wBU=
github.com/ryomak/deep-learning-go v0.0.0-20190622105608-76e747860c2b h1:UAWxOaMGFsZ3c2QifvS54Eo67TRcbEKNKPurfFmqNLY=
github.com/ryomak/deep-learning-go v0.0.0-20190622105608-76e747860c2b/go.mod h1:nb6c4sqphqGdPpC3wq+1NxQxzgZ7iJDaEyH7t6r/wBU=
github.com/ryomak/deep-learning-go v0.0.0-20190622122912-11d8859a884b h1:5jEGUKRcgyQrGcYnLjxo7umdGRHLClVPxXfGkTsM0qw=
github.com/ryomak/deep-learning-go v0.0.0-20190622122912-11d8859a884b/go.mod h1:zhQylopvWbJQva9cObm89wYGlFxDjTfKfTxpIjpf0mA=
github.com/ryomak/deep-learning-go v0.0.0-20190622125421-8e141893827d h1:fMLYQMKiF/jGbdbldLe92iXA8TXU9HbFpGjerLweF1U=
github.com/ryomak/deep-learning-go v0.0.0-20190622125421-8e141893827d/go.mod h1:zhQylopvWbJQva9cObm89wYGlFxDjTfKfTxpIjpf0mA=
github.com/ryomak/deep-learning-go v0.0.0-20190622133454-338339d3aea1 h1:QoyPNiHFGt9+0Su7qJ4OyGzouJHsHGs6VUjB9gOAxRo=
github.com/ryomak/deep-learning-go v0.0.0-20190622133454-338339d3aea1/go.mod h1:zhQylopvWbJQva9cObm89wYGlFxDjTfKfTxpIjpf0mA=
github.com/ryomak/deep-learning-go v0.0.0-20190622135123-3d324178e142 h1:vZhRfTTH/SUKaS1a/9wlSLlt+v8VrkeudQva02pAyFg=
github.com/ryomak/deep-learning-go v0.0.0-20190622135123-3d324178e142/go.mod h1:zhQylopvWbJQva9cObm89wYGlFxDjTfKfTxpIjpf0mA=
github.com/ryomak/deep-learning-go v0.0.0-20190622135634-9c7cf1b0eb3d h1:+DeT3n8ssLbgA/LDTvOIRvLsq/A+1Xy7h9K34+2rK/c=
github.com/ryomak/deep-learning-go v0.0.0-20190622135634-9c7cf1b0eb3d/go.mod h1:zhQylopvWbJQva9cObm89wYGlFxDjTfKfTxpIjpf0mA=
github.com/ryomak/deep-learning-go v0.0.0-20190622142459-3d3f7a746dcf h1:BkAYbhgD1Tlb4ujdaImq21OZ/s6SCRUWpmyeyNobHMA=
github.com/ryomak/deep-learning-go v0.0.0-20190622142459-3d3f7a746dcf/go.mod h1:zhQylopvWbJQva9cObm89wYGlFxDjTfKfTxpIjpf0mA=
github.com/ryomak/deep-learning-go v0.0.0-20190622142529-7c22dfa97f76 h1:aEBpBe5gQUPL3C+qCxDFQtY9GSH2xUq+Bk/1SfHEmGY=
github.com/ryomak/deep-learning-go v0.0.0-20190622142529-7c22dfa97f76/go.mod h1:zhQylopvWbJQva9cObm89wYGlFxDjTfKfTxpIjpf0mA=
github.com/ryomak/deep-learning-go v0.0.0-20190623011429-ba0683df7f18 h1:NqC6r3WOYIo3BlP0VJ73I6LHOo4YZPEAFj1J8ueczEA=
github.com/ryomak/deep-learning-go v0.0.0-20190623011429-ba0683df7f18/go.mod h1:zhQylopvWbJQva9cObm89wYGlFxDjTfKfTxpIjpf0mA=
github.com/ryomak/deep-learning-go v0.0.0-20190623013134-74a8e26e97b2 h1:H7C2SXRan00ozu0AULBV4oUNaHGwyygbM8PVON3CDKs=
github.com/ryomak/deep-learning-go v0.0.0-20190623013134-74a8e26e97b2/go.mod h1:zhQylopvWbJQva9cObm89wYGlFxDjTfKfTxpIjpf0mA=
github.com/ryomak/deep-learning-go v0.0.0-20190623013356-79caf3ec6183 h1:vv3fHmnpDE1VVbxQe65hLYdf5p9Rx66P9/k7fUTcVuw=
github.com/ryomak/deep-learning-go v0.0.0-20190623013356-79caf3ec6183/go.mod h1:zhQylopvWbJQva9cObm89wYGlFxDjTfKfTxpIjpf0mA=
github.com/ryomak/deep-learning-go v0.0.0-20190623013451-deee480c5895 h1:k6MyXrfVFieE2qTF08D1ksC76ir6BWdyDkc5kCtYhcs=
github.com/ryomak/deep-learning-go v0.0.0-20190623013451-deee480c5895/go.mod h1:zhQylopvWbJQva9cObm89wYGlFxDjTfKfTxpIjpf0mA=
github.com/ryomak/deep-learning-go v0.0.0-20190623015649-4fd503ec4e43 h1:xcUmoc1UMPddnLUYE4u4LkrudFU8vlWGWjDP16hRo7U=
github.com/ryomak/deep-learning-go v0.0.0-20190623015649-4fd503ec4e43/go.mod h1:zhQylopvWbJQva9cObm89wYGlFxDjTfKfTxpIjpf0mA=
github.com/ryomak/deep-learning-go v0.0.0-20190623022440-3e37ed1918c5 h1:Ke74Ykog3goMTTBjEvBV2gRDHxy9Tw2meGkfNKL/r2U=
github.com/ryomak/deep-learning-go v0.0.0-20190623022440-3e37ed1918c5/go.mod h1:zhQylopvWbJQva9cObm89wYGlFxDjTfKfTxpIjpf0mA=
github.com/ryomak/deep-learning-go v0.0.0-20190623024043-b6904eb1a58c h1:nhaC7wvgr+DW2doaGSDcYMdH/3o0476GNtsJamN0AGk=
github.com/ryomak/deep-learning-go v0.0.0-20190623024043-b6904eb1a58c/go.mod h1:zhQylopvWbJQva9cObm89wYGlFxDjTfKfTxpIjpf0mA=
github.com/ryomak/deep-learning-go v0.0.0-20190623024308-1433df54fe53 h1:Yj/ANRqwQN+DJuKikBlV+7J8SwOq/dhHXZuztcFL+Uk=
github.com/ryomak/deep-learning-go v0.0.0-20190623024308-1433df54fe53/go.mod h1:zhQylopvWbJQva9cObm89wYGlFxDjTfKfTxpIjpf0mA=
github.com/ryomak/deep-learning-go v0.0.0-20190623040127-2528c284a6f9 h1:ZRGtDgoPQUWg6GBgyBICtCKE7QP6XJB9xSR3uQU8CQo=
github.com/ryomak/deep-learning-go v0.0.0-20190623040127-2528c284a6f9/go.mod h1:zhQylopvWbJQva9cObm89wYGlFxDjTfKfTxpIjpf0mA=
github.com/ryomak/deep-learning-go v0.0.0-20190624130719-b313febfaea0 h1:m/SplGrWmfG54C0CzQDRlxK6yeGibM/qelbqV9BqIfw=
github.com/ryomak/deep-learning-go v0.0.0-20190624130719-b313febfaea0/go.mod h1:zhQylopvWbJQva9cObm89wYGlFxDjTfKfTxpIjpf0mA=
github.com/ryomak/deep-learning-go v0.0.0-20190624132455-fa5e42ccd5c5 h1:nILG+Og7/7QUXQFQs27lSpkei0jMArkAZcbNCZw3uX0=
github.com/ryomak/deep-learning-go v0.0.0-20190624132455-fa5e42ccd5c5/go.mod h1:zhQylopvWbJQva9cObm89wYGlFxDjTfKfTxpIjpf0mA=
github.com/ryomak/deep-learning-go v0.0.0-20190624133807-e8fd4ef07a4b h1:h5bObxIzq48w2fcwUhyT1crN9dSDl9av9d19rlVm0RU=
github.com/ryomak/deep-learning-go v0.0.0-20190624133807-e8fd4ef07a4b/go.mod h1:zhQylopvWbJQva9cObm89wYGlFxDjTfKfTxpIjpf0mA=
github.com/ryomak/deep-learning-go v0.0.0-20190624133857-ccf9d2e7bab0 h1:DcLfhM7l5Ys8njo5gpB1QWQIxYDdfWpt0VnYu5xM730=
github.com/ryomak/deep-learning-go v0.0.0-20190624133857-ccf9d2e7bab0/go.mod h1:zhQylopvWbJQva9cObm89wYGlFxDjTfKfTxpIjpf0mA=
github.com/ryomak/deep-learning-go v0.0.0-20190630101440-f48785c49e2c h1:cEzEmDUgdD0xIDM4PxwAVTPVm+gfOifuYHwMb6yfp/U=
github.com/ryomak/deep-learning-go v0.0.0-20190630101440-f48785c49e2c/go.mod h1:74S7CFTxaNcG0ntBc78MdpjobqKmYpWDhDPvPFQYloc=
github.com/ryomak/deep-learning-go v0.0.0-20190630114246-c81fbb8afc4f h1:9PmO/fRsR76jajXFeFtPGTgFDay4NrWLpBeWMbLEy6c=
github.com/ryomak/deep-learning-go v0.0.0-20190630114246-c81fbb8afc4f/go.mod h1:74S7CFTxaNcG0ntBc78MdpjobqKmYpWDhDPvPFQYloc=
github.com/ryomak/deep-learning-go v0.0.0-20190708123224-6061c87d5f98 h1:yS7Ntn3qhxhEwSDwUzHM2JjQjugklswsiYJ93rLkEoU=
github.com/ryomak/deep-learning-go v0.0.0-20190708123224-6061c87d5f98/go.mod h1:74S7CFTxaNcG0ntBc78MdpjobqKmYpWDhDPvPFQYloc=
github.com/ryomak/deep-learning-go v0.0.0-20190708124937-e7d5cd28cb5f h1:RGI0YGMd39u6ORCZiBrYmMnIV+CIGIHH6ZL+dW8UUNs=
github.com/ryomak/deep-learning-go v0.0.0-20190708124937-e7d5cd28cb5f/go.mod h1:74S7CFTxaNcG0ntBc78MdpjobqKmYpWDhDPvPFQYloc=
github.com/stretchr/objx v0.1.0/go.mod h1:HFkY916IF+rwdDfMAkV7OtwuqBVzrE8GR6GFx+wExME=
github.com/stretchr/testify v1.3.0/go.mod h1:M5WIy9Dh21IEIfnGCwXGc5bZfKNJtfHm1UVUgZn+9EI=
golang.org/x/image v0.0.0-20190622003408-7e034cad6442 h1:KHkZ9SH+rcDwdj29lcYkks2agONXqNa8YkEGwGhY6Sg=
golang.org/x/image v0.0.0-20190622003408-7e034cad6442/go.mod h1:FeLwcggjj3mMvU+oOTbSwawSJRM1uh48EjtB4UJZlP0=
golang.org/x/text v0.3.0/go.mod h1:NqM8EUOU14njkJ3fqMW+pc6Ldnwhi/IjpwHt7yyuwOQ=
